{
  "name": "pdfs",
  "version": "1.0.0",
  "lockfileVersion": 1,
  "requires": true,
  "dependencies": {
    "easy-pdf-merge": {
      "version": "0.2.6",
      "resolved": "https://registry.npmjs.org/easy-pdf-merge/-/easy-pdf-merge-0.2.6.tgz",
      "integrity": "sha512-NJ8h82VZQxSt+2Xzb9A9eBasBnH+oltTULri45ulSzJ17TJwdH6LDqHcBWqbcbIfONL2rkuY0omsxpvtCIE46w=="
    }
  }
}
